
Microsoft Visual Studio Solution File, Format Version 12.00
# Visual Studio Version 17
VisualStudioVersion = 17.6.33815.320
MinimumVisualStudioVersion = 10.0.40219.1
Project("{9A19103F-16F7-4668-BE54-9A1E7A4F7556}") = "BlogMessenger.Publisher", "BlogMessenger.Publisher.csproj", "{8065FBB8-E858-437A-AD70-C040FAB46A57}"
EndProject
Project("{FAE04EC0-301F-11D3-BF4B-00C04F79EFBC}") = "BlogMessenger.Consumer", "..\Consumer\BlogMessenger.Consumer.csproj", "{87106431-1079-48EA-9441-E28019CBE532}"
EndProject
Global
	GlobalSection(SolutionConfigurationPlatforms) = preSolution
		Debug|Any CPU = Debug|Any CPU
		Release|Any CPU = Release|Any CPU
	EndGlobalSection
	GlobalSection(ProjectConfigurationPlatforms) = postSolution
		{8065FBB8-E858-437A-AD70-C040FAB46A57}.Debug|Any CPU.ActiveCfg = Debug|Any CPU
		{8065FBB8-E858-437A-AD70-C040FAB46A57}.Debug|Any CPU.Build.0 = Debug|Any CPU
		{8065FBB8-E858-437A-AD70-C040FAB46A57}.Release|Any CPU.ActiveCfg = Release|Any CPU
		{8065FBB8-E858-437A-AD70-C040FAB46A57}.Release|Any CPU.Build.0 = Release|Any CPU
		{87106431-1079-48EA-9441-E28019CBE532}.Debug|Any CPU.ActiveCfg = Debug|Any CPU
		{87106431-1079-48EA-9441-E28019CBE532}.Debug|Any CPU.Build.0 = Debug|Any CPU
		{87106431-1079-48EA-9441-E28019CBE532}.Release|Any CPU.ActiveCfg = Release|Any CPU
		{87106431-1079-48EA-9441-E28019CBE532}.Release|Any CPU.Build.0 = Release|Any CPU
	EndGlobalSection
	GlobalSection(SolutionProperties) = preSolution
		HideSolutionNode = FALSE
	EndGlobalSection
	GlobalSection(ExtensibilityGlobals) = postSolution
		SolutionGuid = {1522B5E6-B4EC-4968-9378-B82596BA313C}
	EndGlobalSection
EndGlobal
